// !$*UTF8*$!
{
	archiveVersion = 1;
	classes = {
	};
	objectVersion = 46;
	objects = {

/* Begin PBXBuildFile section */
		4F3E25B41AF0BFCB003E837B /* AppDelegate.swift in Sources */ = {isa = PBXBuildFile; fileRef = 4F3E25B31AF0BFCB003E837B /* AppDelegate.swift */; };
		4F3E25B61AF0BFCB003E837B /* ViewController.swift in Sources */ = {isa = PBXBuildFile; fileRef = 4F3E25B51AF0BFCB003E837B /* ViewController.swift */; };
		4F3E25B91AF0BFCB003E837B /* Main.storyboard in Resources */ = {isa = PBXBuildFile; fileRef = 4F3E25B71AF0BFCB003E837B /* Main.storyboard */; };
		4F3E25BB1AF0BFCB003E837B /* Images.xcassets in Resources */ = {isa = PBXBuildFile; fileRef = 4F3E25BA1AF0BFCB003E837B /* Images.xcassets */; };
		4F3E25BE1AF0BFCB003E837B /* LaunchScreen.xib in Resources */ = {isa = PBXBuildFile; fileRef = 4F3E25BC1AF0BFCB003E837B /* LaunchScreen.xib */; };
		4F3E25CA1AF0BFCB003E837B /* MemeMeTests.swift in Sources */ = {isa = PBXBuildFile; fileRef = 4F3E25C91AF0BFCB003E837B /* MemeMeTests.swift */; };
		4F3E25D41AF0C038003E837B /* Meme.swift in Sources */ = {isa = PBXBuildFile; fileRef = 4F3E25D31AF0C038003E837B /* Meme.swift */; };
		4F3E25D61AF0C07B003E837B /* MemeMeTextField.swift in Sources */ = {isa = PBXBuildFile; fileRef = 4F3E25D51AF0C07B003E837B /* MemeMeTextField.swift */; };
		4F3E25DE1AF0C222003E837B /* MemeTableViewController.swift in Sources */ = {isa = PBXBuildFile; fileRef = 4F3E25DD1AF0C222003E837B /* MemeTableViewController.swift */; };
		4F3E25E01AF202BA003E837B /* MemeViewController.swift in Sources */ = {isa = PBXBuildFile; fileRef = 4F3E25DF1AF202BA003E837B /* MemeViewController.swift */; };
		4FE33EB51AF5833800D2A730 /* MemeCollectionViewController.swift in Sources */ = {isa = PBXBuildFile; fileRef = 4FE33EB41AF5833800D2A730 /* MemeCollectionViewController.swift */; };
		4FE33EB71AF5860300D2A730 /* MemeCollectionViewCell.swift in Sources */ = {isa = PBXBuildFile; fileRef = 4FE33EB61AF5860300D2A730 /* MemeCollectionViewCell.swift */; };
/* End PBXBuildFile section */

/* Begin PBXContainerItemProxy section */
		4F3E25C41AF0BFCB003E837B /* PBXContainerItemProxy */ = {
			isa = PBXContainerItemProxy;
			containerPortal = 4F3E25A61AF0BFCB003E837B /* Project object */;
			proxyType = 1;
			remoteGlobalIDString = 4F3E25AD1AF0BFCB003E837B;
			remoteInfo = MemeMe;
		};
/* End PBXContainerItemProxy section */

/* Begin PBXFileReference section */
		4F3E25AE1AF0BFCB003E837B /* MemeMe.app */ = {isa = PBXFileReference; explicitFileType = wrapper.application; includeInIndex = 0; path = MemeMe.app; sourceTree = BUILT_PRODUCTS_DIR; };
		4F3E25B21AF0BFCB003E837B /* Info.plist */ = {isa = PBXFileReference; lastKnownFileType = text.plist.xml; path = Info.plist; sourceTree = "<group>"; };
		4F3E25B31AF0BFCB003E837B /* AppDelegate.swift */ = {isa = PBXFileReference; lastKnownFileType = sourcecode.swift; path = AppDelegate.swift; sourceTree = "<group>"; };
		4F3E25B51AF0BFCB003E837B /* ViewController.swift */ = {isa = PBXFileReference; lastKnownFileType = sourcecode.swift; path = ViewController.swift; sourceTree = "<group>"; };
		4F3E25B81AF0BFCB003E837B /* Base */ = {isa = PBXFileReference; lastKnownFileType = file.storyboard; name = Base; path = Base.lproj/Main.storyboard; sourceTree = "<group>"; };
		4F3E25BA1AF0BFCB003E837B /* Images.xcassets */ = {isa = PBXFileReference; lastKnownFileType = folder.assetcatalog; path = Images.xcassets; sourceTree = "<group>"; };
		4F3E25BD1AF0BFCB003E837B /* Base */ = {isa = PBXFileReference; lastKnownFileType = file.xib; name = Base; path = Base.lproj/LaunchScreen.xib; sourceTree = "<group>"; };
		4F3E25C31AF0BFCB003E837B /* MemeMeTests.xctest */ = {isa = PBXFileReference; explicitFileType = wrapper.cfbundle; includeInIndex = 0; path = MemeMeTests.xctest; sourceTree = BUILT_PRODUCTS_DIR; };
		4F3E25C81AF0BFCB003E837B /* Info.plist */ = {isa = PBXFileReference; lastKnownFileType = text.plist.xml; path = Info.plist; sourceTree = "<group>"; };
		4F3E25C91AF0BFCB003E837B /* MemeMeTests.swift */ = {isa = PBXFileReference; lastKnownFileType = sourcecode.swift; path = MemeMeTests.swift; sourceTree = "<group>"; };
		4F3E25D31AF0C038003E837B /* Meme.swift */ = {isa = PBXFileReference; fileEncoding = 4; lastKnownFileType = sourcecode.swift; path = Meme.swift; sourceTree = "<group>"; };
		4F3E25D51AF0C07B003E837B /* MemeMeTextField.swift */ = {isa = PBXFileReference; fileEncoding = 4; lastKnownFileType = sourcecode.swift; path = MemeMeTextField.swift; sourceTree = "<group>"; };
		4F3E25DD1AF0C222003E837B /* MemeTableViewController.swift */ = {isa = PBXFileReference; fileEncoding = 4; lastKnownFileType = sourcecode.swift; path = MemeTableViewController.swift; sourceTree = "<group>"; };
		4F3E25DF1AF202BA003E837B /* MemeViewController.swift */ = {isa = PBXFileReference; fileEncoding = 4; lastKnownFileType = sourcecode.swift; path = MemeViewController.swift; sourceTree = "<group>"; };
		4FE33EB41AF5833800D2A730 /* MemeCollectionViewController.swift */ = {isa = PBXFileReference; fileEncoding = 4; lastKnownFileType = sourcecode.swift; path = MemeCollectionViewController.swift; sourceTree = "<group>"; };
		4FE33EB61AF5860300D2A730 /* MemeCollectionViewCell.swift */ = {isa = PBXFileReference; fileEncoding = 4; lastKnownFileType = sourcecode.swift; path = MemeCollectionViewCell.swift; sourceTree = "<group>"; };
/* End PBXFileReference section */

/* Begin PBXFrameworksBuildPhase section */
		4F3E25AB1AF0BFCB003E837B /* Frameworks */ = {
			isa = PBXFrameworksBuildPhase;
			buildActionMask = 2147483647;
			files = (
			);
			runOnlyForDeploymentPostprocessing = 0;
		};
		4F3E25C01AF0BFCB003E837B /* Frameworks */ = {
			isa = PBXFrameworksBuildPhase;
			buildActionMask = 2147483647;
			files = (
			);
			runOnlyForDeploymentPostprocessing = 0;
		};
/* End PBXFrameworksBuildPhase section */

/* Begin PBXGroup section */
		4F3E25A51AF0BFCB003E837B = {
			isa = PBXGroup;
			children = (
				4F3E25B01AF0BFCB003E837B /* MemeMe */,
				4F3E25C61AF0BFCB003E837B /* MemeMeTests */,
				4F3E25AF1AF0BFCB003E837B /* Products */,
			);
			sourceTree = "<group>";
		};
		4F3E25AF1AF0BFCB003E837B /* Products */ = {
			isa = PBXGroup;
			children = (
				4F3E25AE1AF0BFCB003E837B /* MemeMe.app */,
				4F3E25C31AF0BFCB003E837B /* MemeMeTests.xctest */,
			);
			name = Products;
			sourceTree = "<group>";
		};
		4F3E25B01AF0BFCB003E837B /* MemeMe */ = {
			isa = PBXGroup;
			children = (
				4F3E25B31AF0BFCB003E837B /* AppDelegate.swift */,
				4F3E25B51AF0BFCB003E837B /* ViewController.swift */,
				4F3E25B71AF0BFCB003E837B /* Main.storyboard */,
				4FE33EB41AF5833800D2A730 /* MemeCollectionViewController.swift */,
				4FE33EB61AF5860300D2A730 /* MemeCollectionViewCell.swift */,
				4F3E25DF1AF202BA003E837B /* MemeViewController.swift */,
				4F3E25DD1AF0C222003E837B /* MemeTableViewController.swift */,
				4F3E25D51AF0C07B003E837B /* MemeMeTextField.swift */,
				4F3E25D31AF0C038003E837B /* Meme.swift */,
				4F3E25BA1AF0BFCB003E837B /* Images.xcassets */,
				4F3E25BC1AF0BFCB003E837B /* LaunchScreen.xib */,
				4F3E25B11AF0BFCB003E837B /* Supporting Files */,
			);
			path = MemeMe;
			sourceTree = "<group>";
		};
		4F3E25B11AF0BFCB003E837B /* Supporting Files */ = {
			isa = PBXGroup;
			children = (
				4F3E25B21AF0BFCB003E837B /* Info.plist */,
			);
			name = "Supporting Files";
			sourceTree = "<group>";
		};
		4F3E25C61AF0BFCB003E837B /* MemeMeTests */ = {
			isa = PBXGroup;
			children = (
				4F3E25C91AF0BFCB003E837B /* MemeMeTests.swift */,
				4F3E25C71AF0BFCB003E837B /* Supporting Files */,
			);
			path = MemeMeTests;
			sourceTree = "<group>";
		};
		4F3E25C71AF0BFCB003E837B /* Supporting Files */ = {
			isa = PBXGroup;
			children = (
				4F3E25C81AF0BFCB003E837B /* Info.plist */,
			);
			name = "Supporting Files";
			sourceTree = "<group>";
		};
/* End PBXGroup section */

/* Begin PBXNativeTarget section */
		4F3E25AD1AF0BFCB003E837B /* MemeMe */ = {
			isa = PBXNativeTarget;
			buildConfigurationList = 4F3E25CD1AF0BFCB003E837B /* Build configuration list for PBXNativeTarget "MemeMe" */;
			buildPhases = (
				4F3E25AA1AF0BFCB003E837B /* Sources */,
				4F3E25AB1AF0BFCB003E837B /* Frameworks */,
				4F3E25AC1AF0BFCB003E837B /* Resources */,
			);
			buildRules = (
			);
			dependencies = (
			);
			name = MemeMe;
			productName = MemeMe;
			productReference = 4F3E25AE1AF0BFCB003E837B /* MemeMe.app */;
			productType = "com.apple.product-type.application";
		};
		4F3E25C21AF0BFCB003E837B /* MemeMeTests */ = {
			isa = PBXNativeTarget;
			buildConfigurationList = 4F3E25D01AF0BFCB003E837B /* Build configuration list for PBXNativeTarget "MemeMeTests" */;
			buildPhases = (
				4F3E25BF1AF0BFCB003E837B /* Sources */,
				4F3E25C01AF0BFCB003E837B /* Frameworks */,
				4F3E25C11AF0BFCB003E837B /* Resources */,
			);
			buildRules = (
			);
			dependencies = (
				4F3E25C51AF0BFCB003E837B /* PBXTargetDependency */,
			);
			name = MemeMeTests;
			productName = MemeMeTests;
			productReference = 4F3E25C31AF0BFCB003E837B /* MemeMeTests.xctest */;
			productType = "com.apple.product-type.bundle.unit-test";
		};
/* End PBXNativeTarget section */

/* Begin PBXProject section */
		4F3E25A61AF0BFCB003E837B /* Project object */ = {
			isa = PBXProject;
			attributes = {
				LastUpgradeCheck = 0630;
				ORGANIZATIONNAME = FurloBros;
				TargetAttributes = {
					4F3E25AD1AF0BFCB003E837B = {
						CreatedOnToolsVersion = 6.3.1;
					};
					4F3E25C21AF0BFCB003E837B = {
						CreatedOnToolsVersion = 6.3.1;
						TestTargetID = 4F3E25AD1AF0BFCB003E837B;
					};
				};
			};
			buildConfigurationList = 4F3E25A91AF0BFCB003E837B /* Build configuration list for PBXProject "MemeMe" */;
			compatibilityVersion = "Xcode 3.2";
			developmentRegion = English;
			hasScannedForEncodings = 0;
			knownRegions = (
				en,
				Base,
			);
			mainGroup = 4F3E25A51AF0BFCB003E837B;
			productRefGroup = 4F3E25AF1AF0BFCB003E837B /* Products */;
			projectDirPath = "";
			projectRoot = "";
			targets = (
				4F3E25AD1AF0BFCB003E837B /* MemeMe */,
				4F3E25C21AF0BFCB003E837B /* MemeMeTests */,
			);
		};
/* End PBXProject section */

/* Begin PBXResourcesBuildPhase section */
		4F3E25AC1AF0BFCB003E837B /* Resources */ = {
			isa = PBXResourcesBuildPhase;
			buildActionMask = 2147483647;
			files = (
				4F3E25B91AF0BFCB003E837B /* Main.storyboard in Resources */,
				4F3E25BE1AF0BFCB003E837B /* LaunchScreen.xib in Resources */,
				4F3E25BB1AF0BFCB003E837B /* Images.xcassets in Resources */,
			);
			runOnlyForDeploymentPostprocessing = 0;
		};
		4F3E25C11AF0BFCB003E837B /* Resources */ = {
			isa = PBXResourcesBuildPhase;
			buildActionMask = 2147483647;
			files = (
			);
			runOnlyForDeploymentPostprocessing = 0;
		};
/* End PBXResourcesBuildPhase section */

/* Begin PBXSourcesBuildPhase section */
		4F3E25AA1AF0BFCB003E837B /* Sources */ = {
			isa = PBXSourcesBuildPhase;
			buildActionMask = 2147483647;
			files = (
				4F3E25D41AF0C038003E837B /* Meme.swift in Sources */,
				4F3E25B61AF0BFCB003E837B /* ViewController.swift in Sources */,
				4FE33EB71AF5860300D2A730 /* MemeCollectionViewCell.swift in Sources */,
				4F3E25B41AF0BFCB003E837B /* AppDelegate.swift in Sources */,
				4F3E25DE1AF0C222003E837B /* MemeTableViewController.swift in Sources */,
				4FE33EB51AF5833800D2A730 /* MemeCollectionViewController.swift in Sources */,
				4F3E25E01AF202BA003E837B /* MemeViewController.swift in Sources */,
				4F3E25D61AF0C07B003E837B /* MemeMeTextField.swift in Sources */,
			);
			runOnlyForDeploymentPostprocessing = 0;
		};
		4F3E25BF1AF0BFCB003E837B /* Sources */ = {
			isa = PBXSourcesBuildPhase;
			buildActionMask = 2147483647;
			files = (
				4F3E25CA1AF0BFCB003E837B /* MemeMeTests.swift in Sources */,
			);
			runOnlyForDeploymentPostprocessing = 0;
		};
/* End PBXSourcesBuildPhase section */

/* Begin PBXTargetDependency section */
		4F3E25C51AF0BFCB003E837B /* PBXTargetDependency */ = {
			isa = PBXTargetDependency;
			target = 4F3E25AD1AF0BFCB003E837B /* MemeMe */;
			targetProxy = 4F3E25C41AF0BFCB003E837B /* PBXContainerItemProxy */;
		};
/* End PBXTargetDependency section */

/* Begin PBXVariantGroup section */
		4F3E25B71AF0BFCB003E837B /* Main.storyboard */ = {
			isa = PBXVariantGroup;
			children = (
				4F3E25B81AF0BFCB003E837B /* Base */,
			);
			name = Main.storyboard;
			sourceTree = "<group>";
		};
		4F3E25BC1AF0BFCB003E837B /* LaunchScreen.xib */ = {
			isa = PBXVariantGroup;
			children = (
				4F3E25BD1AF0BFCB003E837B /* Base */,
			);
			name = LaunchScreen.xib;
			sourceTree = "<group>";
		};
/* End PBXVariantGroup section */

/* Begin XCBuildConfiguration section */
		4F3E25CB1AF0BFCB003E837B /* Debug */ = {
			isa = XCBuildConfiguration;
			buildSettings = {
				ALWAYS_SEARCH_USER_PATHS = NO;
				CLANG_CXX_LANGUAGE_STANDARD = "gnu++0x";
				CLANG_CXX_LIBRARY = "libc++";
				CLANG_ENABLE_MODULES = YES;
				CLANG_ENABLE_OBJC_ARC = YES;
				CLANG_WARN_BOOL_CONVERSION = YES;
				CLANG_WARN_CONSTANT_CONVERSION = YES;
				CLANG_WARN_DIRECT_OBJC_ISA_USAGE = YES_ERROR;
				CLANG_WARN_EMPTY_BODY = YES;
				CLANG_WARN_ENUM_CONVERSION = YES;
				CLANG_WARN_INT_CONVERSION = YES;
				CLANG_WARN_OBJC_ROOT_CLASS = YES_ERROR;
				CLANG_WARN_UNREACHABLE_CODE = YES;
				CLANG_WARN__DUPLICATE_METHOD_MATCH = YES;
				"CODE_SIGN_IDENTITY[sdk=iphoneos*]" = "iPhone Developer";
				COPY_PHASE_STRIP = NO;
				DEBUG_INFORMATION_FORMAT = "dwarf-with-dsym";
				ENABLE_STRICT_OBJC_MSGSEND = YES;
				GCC_C_LANGUAGE_STANDARD = gnu99;
				GCC_DYNAMIC_NO_PIC = NO;
				GCC_NO_COMMON_BLOCKS = YES;
				GCC_OPTIMIZATION_LEVEL = 0;
				GCC_PREPROCESSOR_DEFINITIONS = (
					"DEBUG=1",
					"$(inherited)",
				);
				GCC_SYMBOLS_PRIVATE_EXTERN = NO;
				GCC_WARN_64_TO_32_BIT_CONVERSION = YES;
				GCC_WARN_ABOUT_RETURN_TYPE = YES_ERROR;
				GCC_WARN_UNDECLARED_SELECTOR = YES;
				GCC_WARN_UNINITIALIZED_AUTOS = YES_AGGRESSIVE;
				GCC_WARN_UNUSED_FUNCTION = YES;
				GCC_WARN_UNUSED_VARIABLE = YES;
				IPHONEOS_DEPLOYMENT_TARGET = 8.3;
				MTL_ENABLE_DEBUG_INFO = YES;
				ONLY_ACTIVE_ARCH = YES;
				SDKROOT = iphoneos;
				SWIFT_OPTIMIZATION_LEVEL = "-Onone";
			};
			name = Debug;
		};
		4F3E25CC1AF0BFCB003E837B /* Release */ = {
			isa = XCBuildConfiguration;
			buildSettings = {
				ALWAYS_SEARCH_USER_PATHS = NO;
				CLANG_CXX_LANGUAGE_STANDARD = "gnu++0x";
				CLANG_CXX_LIBRARY = "libc++";
				CLANG_ENABLE_MODULES = YES;
				CLANG_ENABLE_OBJC_ARC = YES;
				CLANG_WARN_BOOL_CONVERSION = YES;
				CLANG_WARN_CONSTANT_CONVERSION = YES;
				CLANG_WARN_DIRECT_OBJC_ISA_USAGE = YES_ERROR;
				CLANG_WARN_EMPTY_BODY = YES;
				CLANG_WARN_ENUM_CONVERSION = YES;
				CLANG_WARN_INT_CONVERSION = YES;
				CLANG_WARN_OBJC_ROOT_CLASS = YES_ERROR;
				CLANG_WARN_UNREACHABLE_CODE = YES;
				CLANG_WARN__DUPLICATE_METHOD_MATCH = YES;
				"CODE_SIGN_IDENTITY[sdk=iphoneos*]" = "iPhone Developer";
				COPY_PHASE_STRIP = NO;
				DEBUG_INFORMATION_FORMAT = "dwarf-with-dsym";
				ENABLE_NS_ASSERTIONS = NO;
				ENABLE_STRICT_OBJC_MSGSEND = YES;
				GCC_C_LANGUAGE_STANDARD = gnu99;
				GCC_NO_COMMON_BLOCKS = YES;
				GCC_WARN_64_TO_32_BIT_CONVERSION = YES;
				GCC_WARN_ABOUT_RETURN_TYPE = YES_ERROR;
				GCC_WARN_UNDECLARED_SELECTOR = YES;
				GCC_WARN_UNINITIALIZED_AUTOS = YES_AGGRESSIVE;
				GCC_WARN_UNUSED_FUNCTION = YES;
				GCC_WARN_UNUSED_VARIABLE = YES;
				IPHONEOS_DEPLOYMENT_TARGET = 8.3;
				MTL_ENABLE_DEBUG_INFO = NO;
				SDKROOT = iphoneos;
				VALIDATE_PRODUCT = YES;
			};
			name = Release;
		};
		4F3E25CE1AF0BFCB003E837B /* Debug */ = {
			isa = XCBuildConfiguration;
			buildSettings = {
				ASSETCATALOG_COMPILER_APPICON_NAME = AppIcon;
				INFOPLIST_FILE = MemeMe/Info.plist;
				LD_RUNPATH_SEARCH_PATHS = "$(inherited) @executable_path/Frameworks";
				PRODUCT_NAME = "$(TARGET_NAME)";
			};
			name = Debug;
		};
		4F3E25CF1AF0BFCB003E837B /* Release */ = {
			isa = XCBuildConfiguration;
			buildSettings = {
				ASSETCATALOG_COMPILER_APPICON_NAME = AppIcon;
				INFOPLIST_FILE = MemeMe/Info.plist;
				LD_RUNPATH_SEARCH_PATHS = "$(inherited) @executable_path/Frameworks";
				PRODUCT_NAME = "$(TARGET_NAME)";
			};
			name = Release;
		};
		4F3E25D11AF0BFCB003E837B /* Debug */ = {
			isa = XCBuildConfiguration;
			buildSettings = {
				BUNDLE_LOADER = "$(TEST_HOST)";
				FRAMEWORK_SEARCH_PATHS = (
					"$(SDKROOT)/Developer/Library/Frameworks",
					"$(inherited)",
				);
				GCC_PREPROCESSOR_DEFINITIONS = (
					"DEBUG=1",
					"$(inherited)",
				);
				INFOPLIST_FILE = MemeMeTests/Info.plist;
				LD_RUNPATH_SEARCH_PATHS = "$(inherited) @executable_path/Frameworks @loader_path/Frameworks";
				PRODUCT_NAME = "$(TARGET_NAME)";
				TEST_HOST = "$(BUILT_PRODUCTS_DIR)/MemeMe.app/MemeMe";
			};
			name = Debug;
		};
		4F3E25D21AF0BFCB003E837B /* Release */ = {
			isa = XCBuildConfiguration;
			buildSettings = {
				BUNDLE_LOADER = "$(TEST_HOST)";
				FRAMEWORK_SEARCH_PATHS = (
					"$(SDKROOT)/Developer/Library/Frameworks",
					"$(inherited)",
				);
				INFOPLIST_FILE = MemeMeTests/Info.plist;
				LD_RUNPATH_SEARCH_PATHS = "$(inherited) @executable_path/Frameworks @loader_path/Frameworks";
				PRODUCT_NAME = "$(TARGET_NAME)";
				TEST_HOST = "$(BUILT_PRODUCTS_DIR)/MemeMe.app/MemeMe";
			};
			name = Release;
		};
/* End XCBuildConfiguration section */

/* Begin XCConfigurationList section */
		4F3E25A91AF0BFCB003E837B /* Build configuration list for PBXProject "MemeMe" */ = {
			isa = XCConfigurationList;
			buildConfigurations = (
				4F3E25CB1AF0BFCB003E837B /* Debug */,
				4F3E25CC1AF0BFCB003E837B /* Release */,
			);
			defaultConfigurationIsVisible = 0;
			defaultConfigurationName = Release;
		};
		4F3E25CD1AF0BFCB003E837B /* Build configuration list for PBXNativeTarget "MemeMe" */ = {
			isa = XCConfigurationList;
			buildConfigurations = (
				4F3E25CE1AF0BFCB003E837B /* Debug */,
				4F3E25CF1AF0BFCB003E837B /* Release */,
			);
			defaultConfigurationIsVisible = 0;
			defaultConfigurationName = Release;
		};
		4F3E25D01AF0BFCB003E837B /* Build configuration list for PBXNativeTarget "MemeMeTests" */ = {
			isa = XCConfigurationList;
			buildConfigurations = (
				4F3E25D11AF0BFCB003E837B /* Debug */,
				4F3E25D21AF0BFCB003E837B /* Release */,
			);
			defaultConfigurationIsVisible = 0;
			defaultConfigurationName = Release;
		};
/* End XCConfigurationList section */
	};
	rootObject = 4F3E25A61AF0BFCB003E837B /* Project object */;
}
